{
  "name": ".opencode",
  "lockfileVersion": 3,
  "requires": true,
  "packages": {
    "": {
      "dependencies": {
        "@opencode-ai/plugin": "1.2.25",
        "opencode-pencil-sync": "^0.4.1"
      }
    },
    "node_modules/@opencode-ai/plugin": {
      "version": "1.2.25",
      "license": "MIT",
      "peer": true,
      "dependencies": {
        "@opencode-ai/sdk": "1.2.25",
        "zod": "4.1.8"
      }
    },
    "node_modules/@opencode-ai/sdk": {
      "version": "1.2.25",
      "license": "MIT"
    },
    "node_modules/jsonc-parser": {
      "version": "3.3.1",
      "resolved": "https://registry.npmjs.org/jsonc-parser/-/jsonc-parser-3.3.1.tgz",
      "integrity": "sha512-HUgH65KyejrUFPvHFPbqOY0rsFip3Bo5wb4ngvdi1EpCYWUQDC5V+Y7mZws+DLkr4M//zQJoanu1SP+87Dv1oQ==",
      "license": "MIT"
    },
    "node_modules/opencode-pencil-sync": {
      "version": "0.4.1",
      "resolved": "https://registry.npmjs.org/opencode-pencil-sync/-/opencode-pencil-sync-0.4.1.tgz",
      "integrity": "sha512-wHffNt20xbNndkh/C0JvDM/277jKTL+pJYyaiaysxs96KgxHaZHySWpmTSq4JY+CyWPcb+4k3rbrPG4MfGGiSQ==",
      "license": "MIT",
      "dependencies": {
        "jsonc-parser": "^3.3.1"
      },
      "peerDependencies": {
        "@opencode-ai/plugin": "*"
      }
    },
    "node_modules/zod": {
      "version": "4.1.8",
      "license": "MIT",
      "funding": {
        "url": "https://github.com/sponsors/colinhacks"
      }
    }
  }
}
